// !$*UTF8*$!
{
	archiveVersion = 1;
	classes = {
	};
	objectVersion = 51;
	objects = {

/* Begin PBXBuildFile section */
		4A1A60D922C5496300442BCC /* AppDelegate.swift in Sources */ = {isa = PBXBuildFile; fileRef = 4A1A60D822C5496300442BCC /* AppDelegate.swift */; };
		4A1A60DE22C5496300442BCC /* Main.storyboard in Resources */ = {isa = PBXBuildFile; fileRef = 4A1A60DC22C5496300442BCC /* Main.storyboard */; };
		4A1A60E022C5496400442BCC /* Assets.xcassets in Resources */ = {isa = PBXBuildFile; fileRef = 4A1A60DF22C5496400442BCC /* Assets.xcassets */; };
		4A1A60EF22C54D1A00442BCC /* ShoppingListViewController.swift in Sources */ = {isa = PBXBuildFile; fileRef = 4A1A60EE22C54D1A00442BCC /* ShoppingListViewController.swift */; };
		4A1A60F122C54D2D00442BCC /* ShoppingItemViewController.swift in Sources */ = {isa = PBXBuildFile; fileRef = 4A1A60F022C54D2D00442BCC /* ShoppingItemViewController.swift */; };
		4A1A60F322C5503500442BCC /* SwipeTableViewController.swift in Sources */ = {isa = PBXBuildFile; fileRef = 4A1A60F222C5503500442BCC /* SwipeTableViewController.swift */; };
		4A1A60F522C5554400442BCC /* ShoppingList.swift in Sources */ = {isa = PBXBuildFile; fileRef = 4A1A60F422C5554400442BCC /* ShoppingList.swift */; };
		4A1A60F722C5555A00442BCC /* ShoppingItem.swift in Sources */ = {isa = PBXBuildFile; fileRef = 4A1A60F622C5555A00442BCC /* ShoppingItem.swift */; };
		4A46F0FD2384CF0C00653A14 /* ShoppingListController.swift in Sources */ = {isa = PBXBuildFile; fileRef = 4A46F0FC2384CF0C00653A14 /* ShoppingListController.swift */; };
		4A46F1072384FAA600653A14 /* ShoppingTests.swift in Sources */ = {isa = PBXBuildFile; fileRef = 4A46F1062384FAA600653A14 /* ShoppingTests.swift */; };
		8A590574CE913B0907BD8269 /* Pods_Shopping.framework in Frameworks */ = {isa = PBXBuildFile; fileRef = 54F99FD38FCDEE113CD4D15A /* Pods_Shopping.framework */; };
/* End PBXBuildFile section */

/* Begin PBXContainerItemProxy section */
		4A46F1092384FAA600653A14 /* PBXContainerItemProxy */ = {
			isa = PBXContainerItemProxy;
			containerPortal = 4A1A60CD22C5496300442BCC /* Project object */;
			proxyType = 1;
			remoteGlobalIDString = 4A1A60D422C5496300442BCC;
			remoteInfo = Shopping;
		};
/* End PBXContainerItemProxy section */

/* Begin PBXFileReference section */
		3BD6BB47B90569B229868459 /* Pods-Shopping.release.xcconfig */ = {isa = PBXFileReference; includeInIndex = 1; lastKnownFileType = text.xcconfig; name = "Pods-Shopping.release.xcconfig"; path = "Target Support Files/Pods-Shopping/Pods-Shopping.release.xcconfig"; sourceTree = "<group>"; };
		4A1A60D522C5496300442BCC /* Shopping.app */ = {isa = PBXFileReference; explicitFileType = wrapper.application; includeInIndex = 0; path = Shopping.app; sourceTree = BUILT_PRODUCTS_DIR; };
		4A1A60D822C5496300442BCC /* AppDelegate.swift */ = {isa = PBXFileReference; lastKnownFileType = sourcecode.swift; path = AppDelegate.swift; sourceTree = "<group>"; };
		4A1A60DD22C5496300442BCC /* Base */ = {isa = PBXFileReference; lastKnownFileType = file.storyboard; name = Base; path = Base.lproj/Main.storyboard; sourceTree = "<group>"; };
		4A1A60DF22C5496400442BCC /* Assets.xcassets */ = {isa = PBXFileReference; lastKnownFileType = folder.assetcatalog; path = Assets.xcassets; sourceTree = "<group>"; };
		4A1A60E422C5496400442BCC /* Info.plist */ = {isa = PBXFileReference; lastKnownFileType = text.plist.xml; path = Info.plist; sourceTree = "<group>"; };
		4A1A60EE22C54D1A00442BCC /* ShoppingListViewController.swift */ = {isa = PBXFileReference; lastKnownFileType = sourcecode.swift; path = ShoppingListViewController.swift; sourceTree = "<group>"; };
		4A1A60F022C54D2D00442BCC /* ShoppingItemViewController.swift */ = {isa = PBXFileReference; lastKnownFileType = sourcecode.swift; path = ShoppingItemViewController.swift; sourceTree = "<group>"; };
		4A1A60F222C5503500442BCC /* SwipeTableViewController.swift */ = {isa = PBXFileReference; lastKnownFileType = sourcecode.swift; path = SwipeTableViewController.swift; sourceTree = "<group>"; };
		4A1A60F422C5554400442BCC /* ShoppingList.swift */ = {isa = PBXFileReference; lastKnownFileType = sourcecode.swift; path = ShoppingList.swift; sourceTree = "<group>"; };
		4A1A60F622C5555A00442BCC /* ShoppingItem.swift */ = {isa = PBXFileReference; lastKnownFileType = sourcecode.swift; path = ShoppingItem.swift; sourceTree = "<group>"; };
		4A46F0FC2384CF0C00653A14 /* ShoppingListController.swift */ = {isa = PBXFileReference; lastKnownFileType = sourcecode.swift; path = ShoppingListController.swift; sourceTree = "<group>"; };
		4A46F1042384FAA600653A14 /* ShoppingTests.xctest */ = {isa = PBXFileReference; explicitFileType = wrapper.cfbundle; includeInIndex = 0; path = ShoppingTests.xctest; sourceTree = BUILT_PRODUCTS_DIR; };
		4A46F1062384FAA600653A14 /* ShoppingTests.swift */ = {isa = PBXFileReference; lastKnownFileType = sourcecode.swift; path = ShoppingTests.swift; sourceTree = "<group>"; };
		4A46F1082384FAA600653A14 /* Info.plist */ = {isa = PBXFileReference; lastKnownFileType = text.plist.xml; path = Info.plist; sourceTree = "<group>"; };
		54F99FD38FCDEE113CD4D15A /* Pods_Shopping.framework */ = {isa = PBXFileReference; explicitFileType = wrapper.framework; includeInIndex = 0; path = Pods_Shopping.framework; sourceTree = BUILT_PRODUCTS_DIR; };
		7A7CF0AFE764AAE2278A1F3A /* Pods-Shopping.debug.xcconfig */ = {isa = PBXFileReference; includeInIndex = 1; lastKnownFileType = text.xcconfig; name = "Pods-Shopping.debug.xcconfig"; path = "Target Support Files/Pods-Shopping/Pods-Shopping.debug.xcconfig"; sourceTree = "<group>"; };
/* End PBXFileReference section */

/* Begin PBXFrameworksBuildPhase section */
		4A1A60D222C5496300442BCC /* Frameworks */ = {
			isa = PBXFrameworksBuildPhase;
			buildActionMask = 2147483647;
			files = (
				8A590574CE913B0907BD8269 /* Pods_Shopping.framework in Frameworks */,
			);
			runOnlyForDeploymentPostprocessing = 0;
		};
		4A46F1012384FAA600653A14 /* Frameworks */ = {
			isa = PBXFrameworksBuildPhase;
			buildActionMask = 2147483647;
			files = (
			);
			runOnlyForDeploymentPostprocessing = 0;
		};
/* End PBXFrameworksBuildPhase section */

/* Begin PBXGroup section */
		4A1A60CC22C5496300442BCC = {
			isa = PBXGroup;
			children = (
				4A1A60D722C5496300442BCC /* Shopping */,
				4A46F1052384FAA600653A14 /* ShoppingTests */,
				4A1A60D622C5496300442BCC /* Products */,
				4FA64ADFF28C3A669230A3CA /* Pods */,
				59451C9A00E2EB67AF87D97F /* Frameworks */,
			);
			sourceTree = "<group>";
		};
		4A1A60D622C5496300442BCC /* Products */ = {
			isa = PBXGroup;
			children = (
				4A1A60D522C5496300442BCC /* Shopping.app */,
				4A46F1042384FAA600653A14 /* ShoppingTests.xctest */,
			);
			name = Products;
			sourceTree = "<group>";
		};
		4A1A60D722C5496300442BCC /* Shopping */ = {
			isa = PBXGroup;
			children = (
				4A1A60D822C5496300442BCC /* AppDelegate.swift */,
				4A1A60EB22C54C2800442BCC /* Model */,
				4A1A60EA22C54C2100442BCC /* View */,
				4A1A60EC22C54C2F00442BCC /* Controller */,
				4A1A60ED22C54C4E00442BCC /* Support FIles */,
				4A1A60E422C5496400442BCC /* Info.plist */,
			);
			path = Shopping;
			sourceTree = "<group>";
		};
		4A1A60EA22C54C2100442BCC /* View */ = {
			isa = PBXGroup;
			children = (
				4A1A60DC22C5496300442BCC /* Main.storyboard */,
			);
			path = View;
			sourceTree = "<group>";
		};
		4A1A60EB22C54C2800442BCC /* Model */ = {
			isa = PBXGroup;
			children = (
				4A1A60F422C5554400442BCC /* ShoppingList.swift */,
				4A1A60F622C5555A00442BCC /* ShoppingItem.swift */,
			);
			path = Model;
			sourceTree = "<group>";
		};
		4A1A60EC22C54C2F00442BCC /* Controller */ = {
			isa = PBXGroup;
			children = (
				4A1A60EE22C54D1A00442BCC /* ShoppingListViewController.swift */,
				4A1A60F022C54D2D00442BCC /* ShoppingItemViewController.swift */,
				4A1A60F222C5503500442BCC /* SwipeTableViewController.swift */,
				4A46F0FC2384CF0C00653A14 /* ShoppingListController.swift */,
			);
			path = Controller;
			sourceTree = "<group>";
		};
		4A1A60ED22C54C4E00442BCC /* Support FIles */ = {
			isa = PBXGroup;
			children = (
				4A1A60DF22C5496400442BCC /* Assets.xcassets */,
			);
			path = "Support FIles";
			sourceTree = "<group>";
		};
		4A46F1052384FAA600653A14 /* ShoppingTests */ = {
			isa = PBXGroup;
			children = (
				4A46F1062384FAA600653A14 /* ShoppingTests.swift */,
				4A46F1082384FAA600653A14 /* Info.plist */,
			);
			path = ShoppingTests;
			sourceTree = "<group>";
		};
		4FA64ADFF28C3A669230A3CA /* Pods */ = {
			isa = PBXGroup;
			children = (
				7A7CF0AFE764AAE2278A1F3A /* Pods-Shopping.debug.xcconfig */,
				3BD6BB47B90569B229868459 /* Pods-Shopping.release.xcconfig */,
			);
			path = Pods;
			sourceTree = "<group>";
		};
		59451C9A00E2EB67AF87D97F /* Frameworks */ = {
			isa = PBXGroup;
			children = (
				54F99FD38FCDEE113CD4D15A /* Pods_Shopping.framework */,
			);
			name = Frameworks;
			sourceTree = "<group>";
		};
/* End PBXGroup section */

/* Begin PBXNativeTarget section */
		4A1A60D422C5496300442BCC /* Shopping */ = {
			isa = PBXNativeTarget;
			buildConfigurationList = 4A1A60E722C5496400442BCC /* Build configuration list for PBXNativeTarget "Shopping" */;
			buildPhases = (
				11B1175629F970C768027BE5 /* [CP] Check Pods Manifest.lock */,
				4A1A60D122C5496300442BCC /* Sources */,
				4A1A60D222C5496300442BCC /* Frameworks */,
				4A1A60D322C5496300442BCC /* Resources */,
				8541E82ACF8C0EF50A85AF41 /* [CP] Embed Pods Frameworks */,
			);
			buildRules = (
			);
			dependencies = (
			);
			name = Shopping;
			productName = Shopping;
			productReference = 4A1A60D522C5496300442BCC /* Shopping.app */;
			productType = "com.apple.product-type.application";
		};
		4A46F1032384FAA600653A14 /* ShoppingTests */ = {
			isa = PBXNativeTarget;
			buildConfigurationList = 4A46F10B2384FAA600653A14 /* Build configuration list for PBXNativeTarget "ShoppingTests" */;
			buildPhases = (
				4A46F1002384FAA600653A14 /* Sources */,
				4A46F1012384FAA600653A14 /* Frameworks */,
				4A46F1022384FAA600653A14 /* Resources */,
			);
			buildRules = (
			);
			dependencies = (
				4A46F10A2384FAA600653A14 /* PBXTargetDependency */,
			);
			name = ShoppingTests;
			productName = ShoppingTests;
			productReference = 4A46F1042384FAA600653A14 /* ShoppingTests.xctest */;
			productType = "com.apple.product-type.bundle.unit-test";
		};
/* End PBXNativeTarget section */

/* Begin PBXProject section */
		4A1A60CD22C5496300442BCC /* Project object */ = {
			isa = PBXProject;
			attributes = {
				LastSwiftUpdateCheck = 1120;
				LastUpgradeCheck = 1020;
				ORGANIZATIONNAME = "Phillip Stene";
				TargetAttributes = {
					4A1A60D422C5496300442BCC = {
						CreatedOnToolsVersion = 10.2.1;
					};
					4A46F1032384FAA600653A14 = {
						CreatedOnToolsVersion = 11.2;
						TestTargetID = 4A1A60D422C5496300442BCC;
					};
				};
			};
			buildConfigurationList = 4A1A60D022C5496300442BCC /* Build configuration list for PBXProject "Shopping" */;
			compatibilityVersion = "Xcode 9.3";
			developmentRegion = en;
			hasScannedForEncodings = 0;
			knownRegions = (
				en,
				Base,
			);
			mainGroup = 4A1A60CC22C5496300442BCC;
			productRefGroup = 4A1A60D622C5496300442BCC /* Products */;
			projectDirPath = "";
			projectRoot = "";
			targets = (
				4A1A60D422C5496300442BCC /* Shopping */,
				4A46F1032384FAA600653A14 /* ShoppingTests */,
			);
		};
/* End PBXProject section */

/* Begin PBXResourcesBuildPhase section */
		4A1A60D322C5496300442BCC /* Resources */ = {
			isa = PBXResourcesBuildPhase;
			buildActionMask = 2147483647;
			files = (
				4A1A60E022C5496400442BCC /* Assets.xcassets in Resources */,
				4A1A60DE22C5496300442BCC /* Main.storyboard in Resources */,
			);
			runOnlyForDeploymentPostprocessing = 0;
		};
		4A46F1022384FAA600653A14 /* Resources */ = {
			isa = PBXResourcesBuildPhase;
			buildActionMask = 2147483647;
			files = (
			);
			runOnlyForDeploymentPostprocessing = 0;
		};
/* End PBXResourcesBuildPhase section */

/* Begin PBXShellScriptBuildPhase section */
		11B1175629F970C768027BE5 /* [CP] Check Pods Manifest.lock */ = {
			isa = PBXShellScriptBuildPhase;
			buildActionMask = 2147483647;
			files = (
			);
			inputFileListPaths = (
			);
			inputPaths = (
				"${PODS_PODFILE_DIR_PATH}/Podfile.lock",
				"${PODS_ROOT}/Manifest.lock",
			);
			name = "[CP] Check Pods Manifest.lock";
			outputFileListPaths = (
			);
			outputPaths = (
				"$(DERIVED_FILE_DIR)/Pods-Shopping-checkManifestLockResult.txt",
			);
			runOnlyForDeploymentPostprocessing = 0;
			shellPath = /bin/sh;
			shellScript = "diff \"${PODS_PODFILE_DIR_PATH}/Podfile.lock\" \"${PODS_ROOT}/Manifest.lock\" > /dev/null\nif [ $? != 0 ] ; then\n    # print error to STDERR\n    echo \"error: The sandbox is not in sync with the Podfile.lock. Run 'pod install' or update your CocoaPods installation.\" >&2\n    exit 1\nfi\n# This output is used by Xcode 'outputs' to avoid re-running this script phase.\necho \"SUCCESS\" > \"${SCRIPT_OUTPUT_FILE_0}\"\n";
			showEnvVarsInLog = 0;
		};
		8541E82ACF8C0EF50A85AF41 /* [CP] Embed Pods Frameworks */ = {
			isa = PBXShellScriptBuildPhase;
			buildActionMask = 2147483647;
			files = (
			);
			inputFileListPaths = (
				"${PODS_ROOT}/Target Support Files/Pods-Shopping/Pods-Shopping-frameworks-${CONFIGURATION}-input-files.xcfilelist",
			);
			name = "[CP] Embed Pods Frameworks";
			outputFileListPaths = (
				"${PODS_ROOT}/Target Support Files/Pods-Shopping/Pods-Shopping-frameworks-${CONFIGURATION}-output-files.xcfilelist",
			);
			runOnlyForDeploymentPostprocessing = 0;
			shellPath = /bin/sh;
			shellScript = "\"${PODS_ROOT}/Target Support Files/Pods-Shopping/Pods-Shopping-frameworks.sh\"\n";
			showEnvVarsInLog = 0;
		};
/* End PBXShellScriptBuildPhase section */

/* Begin PBXSourcesBuildPhase section */
		4A1A60D122C5496300442BCC /* Sources */ = {
			isa = PBXSourcesBuildPhase;
			buildActionMask = 2147483647;
			files = (
				4A1A60F722C5555A00442BCC /* ShoppingItem.swift in Sources */,
				4A1A60F322C5503500442BCC /* SwipeTableViewController.swift in Sources */,
				4A1A60D922C5496300442BCC /* AppDelegate.swift in Sources */,
				4A46F0FD2384CF0C00653A14 /* ShoppingListController.swift in Sources */,
				4A1A60F522C5554400442BCC /* ShoppingList.swift in Sources */,
				4A1A60F122C54D2D00442BCC /* ShoppingItemViewController.swift in Sources */,
				4A1A60EF22C54D1A00442BCC /* ShoppingListViewController.swift in Sources */,
			);
			runOnlyForDeploymentPostprocessing = 0;
		};
		4A46F1002384FAA600653A14 /* Sources */ = {
			isa = PBXSourcesBuildPhase;
			buildActionMask = 2147483647;
			files = (
				4A46F1072384FAA600653A14 /* ShoppingTests.swift in Sources */,
			);
			runOnlyForDeploymentPostprocessing = 0;
		};
/* End PBXSourcesBuildPhase section */

/* Begin PBXTargetDependency section */
		4A46F10A2384FAA600653A14 /* PBXTargetDependency */ = {
			isa = PBXTargetDependency;
			target = 4A1A60D422C5496300442BCC /* Shopping */;
			targetProxy = 4A46F1092384FAA600653A14 /* PBXContainerItemProxy */;
		};
/* End PBXTargetDependency section */

/* Begin PBXVariantGroup section */
		4A1A60DC22C5496300442BCC /* Main.storyboard */ = {
			isa = PBXVariantGroup;
			children = (
				4A1A60DD22C5496300442BCC /* Base */,
			);
			name = Main.storyboard;
			sourceTree = "<group>";
		};
/* End PBXVariantGroup section */

/* Begin XCBuildConfiguration section */
		4A1A60E522C5496400442BCC /* Debug */ = {
			isa = XCBuildConfiguration;
			buildSettings = {
				ALWAYS_SEARCH_USER_PATHS = NO;
				CLANG_ANALYZER_NONNULL = YES;
				CLANG_ANALYZER_NUMBER_OBJECT_CONVERSION = YES_AGGRESSIVE;
				CLANG_CXX_LANGUAGE_STANDARD = "gnu++14";
				CLANG_CXX_LIBRARY = "libc++";
				CLANG_ENABLE_MODULES = YES;
				CLANG_ENABLE_OBJC_ARC = YES;
				CLANG_ENABLE_OBJC_WEAK = YES;
				CLANG_WARN_BLOCK_CAPTURE_AUTORELEASING = YES;
				CLANG_WARN_BOOL_CONVERSION = YES;
				CLANG_WARN_COMMA = YES;
				CLANG_WARN_CONSTANT_CONVERSION = YES;
				CLANG_WARN_DEPRECATED_OBJC_IMPLEMENTATIONS = YES;
				CLANG_WARN_DIRECT_OBJC_ISA_USAGE = YES_ERROR;
				CLANG_WARN_DOCUMENTATION_COMMENTS = YES;
				CLANG_WARN_EMPTY_BODY = YES;
				CLANG_WARN_ENUM_CONVERSION = YES;
				CLANG_WARN_INFINITE_RECURSION = YES;
				CLANG_WARN_INT_CONVERSION = YES;
				CLANG_WARN_NON_LITERAL_NULL_CONVERSION = YES;
				CLANG_WARN_OBJC_IMPLICIT_RETAIN_SELF = YES;
				CLANG_WARN_OBJC_LITERAL_CONVERSION = YES;
				CLANG_WARN_OBJC_ROOT_CLASS = YES_ERROR;
				CLANG_WARN_RANGE_LOOP_ANALYSIS = YES;
				CLANG_WARN_STRICT_PROTOTYPES = YES;
				CLANG_WARN_SUSPICIOUS_MOVE = YES;
				CLANG_WARN_UNGUARDED_AVAILABILITY = YES_AGGRESSIVE;
				CLANG_WARN_UNREACHABLE_CODE = YES;
				CLANG_WARN__DUPLICATE_METHOD_MATCH = YES;
				CODE_SIGN_IDENTITY = "iPhone Developer";
				COPY_PHASE_STRIP = NO;
				DEBUG_INFORMATION_FORMAT = dwarf;
				ENABLE_STRICT_OBJC_MSGSEND = YES;
				ENABLE_TESTABILITY = YES;
				GCC_C_LANGUAGE_STANDARD = gnu11;
				GCC_DYNAMIC_NO_PIC = NO;
				GCC_NO_COMMON_BLOCKS = YES;
				GCC_OPTIMIZATION_LEVEL = 0;
				GCC_PREPROCESSOR_DEFINITIONS = (
					"DEBUG=1",
					"$(inherited)",
				);
				GCC_WARN_64_TO_32_BIT_CONVERSION = YES;
				GCC_WARN_ABOUT_RETURN_TYPE = YES_ERROR;
				GCC_WARN_UNDECLARED_SELECTOR = YES;
				GCC_WARN_UNINITIALIZED_AUTOS = YES_AGGRESSIVE;
				GCC_WARN_UNUSED_FUNCTION = YES;
				GCC_WARN_UNUSED_VARIABLE = YES;
				IPHONEOS_DEPLOYMENT_TARGET = 12.2;
				MTL_ENABLE_DEBUG_INFO = INCLUDE_SOURCE;
				MTL_FAST_MATH = YES;
				ONLY_ACTIVE_ARCH = YES;
				SDKROOT = iphoneos;
				SWIFT_ACTIVE_COMPILATION_CONDITIONS = DEBUG;
				SWIFT_OPTIMIZATION_LEVEL = "-Onone";
			};
			name = Debug;
		};
		4A1A60E622C5496400442BCC /* Release */ = {
			isa = XCBuildConfiguration;
			buildSettings = {
				ALWAYS_SEARCH_USER_PATHS = NO;
				CLANG_ANALYZER_NONNULL = YES;
				CLANG_ANALYZER_NUMBER_OBJECT_CONVERSION = YES_AGGRESSIVE;
				CLANG_CXX_LANGUAGE_STANDARD = "gnu++14";
				CLANG_CXX_LIBRARY = "libc++";
				CLANG_ENABLE_MODULES = YES;
				CLANG_ENABLE_OBJC_ARC = YES;
				CLANG_ENABLE_OBJC_WEAK = YES;
				CLANG_WARN_BLOCK_CAPTURE_AUTORELEASING = YES;
				CLANG_WARN_BOOL_CONVERSION = YES;
				CLANG_WARN_COMMA = YES;
				CLANG_WARN_CONSTANT_CONVERSION = YES;
				CLANG_WARN_DEPRECATED_OBJC_IMPLEMENTATIONS = YES;
				CLANG_WARN_DIRECT_OBJC_ISA_USAGE = YES_ERROR;
				CLANG_WARN_DOCUMENTATION_COMMENTS = YES;
				CLANG_WARN_EMPTY_BODY = YES;
				CLANG_WARN_ENUM_CONVERSION = YES;
				CLANG_WARN_INFINITE_RECURSION = YES;
				CLANG_WARN_INT_CONVERSION = YES;
				CLANG_WARN_NON_LITERAL_NULL_CONVERSION = YES;
				CLANG_WARN_OBJC_IMPLICIT_RETAIN_SELF = YES;
				CLANG_WARN_OBJC_LITERAL_CONVERSION = YES;
				CLANG_WARN_OBJC_ROOT_CLASS = YES_ERROR;
				CLANG_WARN_RANGE_LOOP_ANALYSIS = YES;
				CLANG_WARN_STRICT_PROTOTYPES = YES;
				CLANG_WARN_SUSPICIOUS_MOVE = YES;
				CLANG_WARN_UNGUARDED_AVAILABILITY = YES_AGGRESSIVE;
				CLANG_WARN_UNREACHABLE_CODE = YES;
				CLANG_WARN__DUPLICATE_METHOD_MATCH = YES;
				CODE_SIGN_IDENTITY = "iPhone Developer";
				COPY_PHASE_STRIP = NO;
				DEBUG_INFORMATION_FORMAT = "dwarf-with-dsym";
				ENABLE_NS_ASSERTIONS = NO;
				ENABLE_STRICT_OBJC_MSGSEND = YES;
				GCC_C_LANGUAGE_STANDARD = gnu11;
				GCC_NO_COMMON_BLOCKS = YES;
				GCC_WARN_64_TO_32_BIT_CONVERSION = YES;
				GCC_WARN_ABOUT_RETURN_TYPE = YES_ERROR;
				GCC_WARN_UNDECLARED_SELECTOR = YES;
				GCC_WARN_UNINITIALIZED_AUTOS = YES_AGGRESSIVE;
				GCC_WARN_UNUSED_FUNCTION = YES;
				GCC_WARN_UNUSED_VARIABLE = YES;
				IPHONEOS_DEPLOYMENT_TARGET = 12.2;
				MTL_ENABLE_DEBUG_INFO = NO;
				MTL_FAST_MATH = YES;
				SDKROOT = iphoneos;
				SWIFT_COMPILATION_MODE = wholemodule;
				SWIFT_OPTIMIZATION_LEVEL = "-O";
				VALIDATE_PRODUCT = YES;
			};
			name = Release;
		};
		4A1A60E822C5496400442BCC /* Debug */ = {
			isa = XCBuildConfiguration;
			baseConfigurationReference = 7A7CF0AFE764AAE2278A1F3A /* Pods-Shopping.debug.xcconfig */;
			buildSettings = {
				ASSETCATALOG_COMPILER_APPICON_NAME = AppIcon;
				CODE_SIGN_STYLE = Automatic;
				DEVELOPMENT_TEAM = 66D3Y55PJZ;
				INFOPLIST_FILE = Shopping/Info.plist;
				LD_RUNPATH_SEARCH_PATHS = (
					"$(inherited)",
					"@executable_path/Frameworks",
				);
				PRODUCT_BUNDLE_IDENTIFIER = com.whatever.Shopping;
				PRODUCT_NAME = "$(TARGET_NAME)";
				SWIFT_VERSION = 5.0;
				TARGETED_DEVICE_FAMILY = "1,2";
			};
			name = Debug;
		};
		4A1A60E922C5496400442BCC /* Release */ = {
			isa = XCBuildConfiguration;
			baseConfigurationReference = 3BD6BB47B90569B229868459 /* Pods-Shopping.release.xcconfig */;
			buildSettings = {
				ASSETCATALOG_COMPILER_APPICON_NAME = AppIcon;
				CODE_SIGN_STYLE = Automatic;
				DEVELOPMENT_TEAM = 66D3Y55PJZ;
				INFOPLIST_FILE = Shopping/Info.plist;
				LD_RUNPATH_SEARCH_PATHS = (
					"$(inherited)",
					"@executable_path/Frameworks",
				);
				PRODUCT_BUNDLE_IDENTIFIER = com.whatever.Shopping;
				PRODUCT_NAME = "$(TARGET_NAME)";
				SWIFT_VERSION = 5.0;
				TARGETED_DEVICE_FAMILY = "1,2";
			};
			name = Release;
		};
		4A46F10C2384FAA600653A14 /* Debug */ = {
			isa = XCBuildConfiguration;
			buildSettings = {
				BUNDLE_LOADER = "$(TEST_HOST)";
				CODE_SIGN_STYLE = Automatic;
				DEVELOPMENT_TEAM = 66D3Y55PJZ;
				INFOPLIST_FILE = ShoppingTests/Info.plist;
				IPHONEOS_DEPLOYMENT_TARGET = 13.2;
				LD_RUNPATH_SEARCH_PATHS = (
					"$(inherited)",
					"@executable_path/Frameworks",
					"@loader_path/Frameworks",
				);
				PRODUCT_BUNDLE_IDENTIFIER = com.whatever.ShoppingTests;
				PRODUCT_NAME = "$(TARGET_NAME)";
				SWIFT_VERSION = 5.0;
				TARGETED_DEVICE_FAMILY = "1,2";
				TEST_HOST = "$(BUILT_PRODUCTS_DIR)/Shopping.app/Shopping";
			};
			name = Debug;
		};
		4A46F10D2384FAA600653A14 /* Release */ = {
			isa = XCBuildConfiguration;
			buildSettings = {
				BUNDLE_LOADER = "$(TEST_HOST)";
				CODE_SIGN_STYLE = Automatic;
				DEVELOPMENT_TEAM = 66D3Y55PJZ;
				INFOPLIST_FILE = ShoppingTests/Info.plist;
				IPHONEOS_DEPLOYMENT_TARGET = 13.2;
				LD_RUNPATH_SEARCH_PATHS = (
					"$(inherited)",
					"@executable_path/Frameworks",
					"@loader_path/Frameworks",
				);
				PRODUCT_BUNDLE_IDENTIFIER = com.whatever.ShoppingTests;
				PRODUCT_NAME = "$(TARGET_NAME)";
				SWIFT_VERSION = 5.0;
				TARGETED_DEVICE_FAMILY = "1,2";
				TEST_HOST = "$(BUILT_PRODUCTS_DIR)/Shopping.app/Shopping";
			};
			name = Release;
		};
/* End XCBuildConfiguration section */

/* Begin XCConfigurationList section */
		4A1A60D022C5496300442BCC /* Build configuration list for PBXProject "Shopping" */ = {
			isa = XCConfigurationList;
			buildConfigurations = (
				4A1A60E522C5496400442BCC /* Debug */,
				4A1A60E622C5496400442BCC /* Release */,
			);
			defaultConfigurationIsVisible = 0;
			defaultConfigurationName = Release;
		};
		4A1A60E722C5496400442BCC /* Build configuration list for PBXNativeTarget "Shopping" */ = {
			isa = XCConfigurationList;
			buildConfigurations = (
				4A1A60E822C5496400442BCC /* Debug */,
				4A1A60E922C5496400442BCC /* Release */,
			);
			defaultConfigurationIsVisible = 0;
			defaultConfigurationName = Release;
		};
		4A46F10B2384FAA600653A14 /* Build configuration list for PBXNativeTarget "ShoppingTests" */ = {
			isa = XCConfigurationList;
			buildConfigurations = (
				4A46F10C2384FAA600653A14 /* Debug */,
				4A46F10D2384FAA600653A14 /* Release */,
			);
			defaultConfigurationIsVisible = 0;
			defaultConfigurationName = Release;
		};
/* End XCConfigurationList section */
	};
	rootObject = 4A1A60CD22C5496300442BCC /* Project object */;
}
